
Microsoft Visual Studio Solution File, Format Version 12.00
# Visual Studio Version 16
VisualStudioVersion = 25.0.1700.7
MinimumVisualStudioVersion = 10.0.40219.1
Project("{FAE04EC0-301F-11D3-BF4B-00C04F79EFBC}") = "KidsLab.Api", "KidsLab.Api\KidsLab.Api.csproj", "{5282B7FD-E50A-4C8F-A7DB-4B604B4318CA}"
EndProject
Project("{FAE04EC0-301F-11D3-BF4B-00C04F79EFBC}") = "KidsLab.ControlRoom", "KidsLab.ControlRoom\KidsLab.ControlRoom.csproj", "{B081FE40-7CD8-4A38-8F37-568C59C6EBFD}"
EndProject
Project("{FAE04EC0-301F-11D3-BF4B-00C04F79EFBC}") = "KidsLab.Data", "KidsLab.Data\KidsLab.Data.csproj", "{3E0EB42E-6811-4003-A9F8-322D8A626204}"
EndProject
Global
	GlobalSection(SolutionConfigurationPlatforms) = preSolution
		Debug|Any CPU = Debug|Any CPU
		Release|Any CPU = Release|Any CPU
	EndGlobalSection
	GlobalSection(ProjectConfigurationPlatforms) = postSolution
		{5282B7FD-E50A-4C8F-A7DB-4B604B4318CA}.Debug|Any CPU.ActiveCfg = Debug|Any CPU
		{5282B7FD-E50A-4C8F-A7DB-4B604B4318CA}.Debug|Any CPU.Build.0 = Debug|Any CPU
		{5282B7FD-E50A-4C8F-A7DB-4B604B4318CA}.Release|Any CPU.ActiveCfg = Release|Any CPU
		{5282B7FD-E50A-4C8F-A7DB-4B604B4318CA}.Release|Any CPU.Build.0 = Release|Any CPU
		{B081FE40-7CD8-4A38-8F37-568C59C6EBFD}.Debug|Any CPU.ActiveCfg = Debug|Any CPU
		{B081FE40-7CD8-4A38-8F37-568C59C6EBFD}.Debug|Any CPU.Build.0 = Debug|Any CPU
		{B081FE40-7CD8-4A38-8F37-568C59C6EBFD}.Release|Any CPU.ActiveCfg = Release|Any CPU
		{B081FE40-7CD8-4A38-8F37-568C59C6EBFD}.Release|Any CPU.Build.0 = Release|Any CPU
		{3E0EB42E-6811-4003-A9F8-322D8A626204}.Debug|Any CPU.ActiveCfg = Debug|Any CPU
		{3E0EB42E-6811-4003-A9F8-322D8A626204}.Debug|Any CPU.Build.0 = Debug|Any CPU
		{3E0EB42E-6811-4003-A9F8-322D8A626204}.Release|Any CPU.ActiveCfg = Release|Any CPU
		{3E0EB42E-6811-4003-A9F8-322D8A626204}.Release|Any CPU.Build.0 = Release|Any CPU
	EndGlobalSection
	GlobalSection(SolutionProperties) = preSolution
		HideSolutionNode = FALSE
	EndGlobalSection
	GlobalSection(ExtensibilityGlobals) = postSolution
		SolutionGuid = {25A9A97D-09DD-43EC-BA07-96C6C26F202C}
	EndGlobalSection
EndGlobal
